
Microsoft Visual Studio Solution File, Format Version 12.00
# Visual Studio Version 17
VisualStudioVersion = 17.7.34202.233
MinimumVisualStudioVersion = 10.0.40219.1
Project("{FAE04EC0-301F-11D3-BF4B-00C04F79EFBC}") = "suma iterativa C#", "suma iterativa C#\suma iterativa C#.csproj", "{0BFF1749-7C11-4A92-979F-2BC6CD8FC2EC}"
EndProject
Global
	GlobalSection(SolutionConfigurationPlatforms) = preSolution
		Debug|Any CPU = Debug|Any CPU
		Release|Any CPU = Release|Any CPU
	EndGlobalSection
	GlobalSection(ProjectConfigurationPlatforms) = postSolution
		{0BFF1749-7C11-4A92-979F-2BC6CD8FC2EC}.Debug|Any CPU.ActiveCfg = Debug|Any CPU
		{0BFF1749-7C11-4A92-979F-2BC6CD8FC2EC}.Debug|Any CPU.Build.0 = Debug|Any CPU
		{0BFF1749-7C11-4A92-979F-2BC6CD8FC2EC}.Release|Any CPU.ActiveCfg = Release|Any CPU
		{0BFF1749-7C11-4A92-979F-2BC6CD8FC2EC}.Release|Any CPU.Build.0 = Release|Any CPU
	EndGlobalSection
	GlobalSection(SolutionProperties) = preSolution
		HideSolutionNode = FALSE
	EndGlobalSection
	GlobalSection(ExtensibilityGlobals) = postSolution
		SolutionGuid = {F74D90A8-7A7B-4427-B1D6-A143349BC59B}
	EndGlobalSection
EndGlobal
